
Microsoft Visual Studio Solution File, Format Version 12.00
# Visual Studio Version 17
VisualStudioVersion = 17.0.31919.166
MinimumVisualStudioVersion = 10.0.40219.1
Project("{FAE04EC0-301F-11D3-BF4B-00C04F79EFBC}") = "CRUD", "CRUD\CRUD.csproj", "{98368A4F-2952-4563-8CCB-747DD8E7C409}"
EndProject
Global
	GlobalSection(SolutionConfigurationPlatforms) = preSolution
		Debug|Any CPU = Debug|Any CPU
		Release|Any CPU = Release|Any CPU
	EndGlobalSection
	GlobalSection(ProjectConfigurationPlatforms) = postSolution
		{98368A4F-2952-4563-8CCB-747DD8E7C409}.Debug|Any CPU.ActiveCfg = Debug|Any CPU
		{98368A4F-2952-4563-8CCB-747DD8E7C409}.Debug|Any CPU.Build.0 = Debug|Any CPU
		{98368A4F-2952-4563-8CCB-747DD8E7C409}.Release|Any CPU.ActiveCfg = Release|Any CPU
		{98368A4F-2952-4563-8CCB-747DD8E7C409}.Release|Any CPU.Build.0 = Release|Any CPU
	EndGlobalSection
	GlobalSection(SolutionProperties) = preSolution
		HideSolutionNode = FALSE
	EndGlobalSection
	GlobalSection(ExtensibilityGlobals) = postSolution
		SolutionGuid = {B771A96D-2D49-4FD5-8ED0-3D13E0892933}
	EndGlobalSection
EndGlobal
